<?xml version="1.0" encoding="utf-8"?>
<Project ToolsVersion="4.0" xmlns="http://schemas.microsoft.com/developer/msbuild/2003">
  <ItemGroup>
    <Filter Include="Source Files">
      <UniqueIdentifier>{4FC737F1-C7A5-4376-A066-2A32D752A2FF}</UniqueIdentifier>
      <Extensions>cpp;c;cc;cxx;c++;cppm;ixx;def;odl;idl;hpj;bat;asm;asmx</Extensions>
    </Filter>
    <Filter Include="Header Files">
      <UniqueIdentifier>{93995380-89BD-4b04-88EB-625FBE52EBFB}</UniqueIdentifier>
      <Extensions>h;hh;hpp;hxx;h++;hm;inl;inc;ipp;xsd</Extensions>
    </Filter>
    <Filter Include="Resource Files">
      <UniqueIdentifier>{67DA6AB6-F800-4c08-8B7A-83BB121AAD01}</UniqueIdentifier>
      <Extensions>rc;ico;cur;bmp;dlg;rc2;rct;bin;rgs;gif;jpg;jpeg;jpe;resx;tiff;tif;png;wav;mfcribbon-ms</Extensions>
    </Filter>
  </ItemGroup>
  <ItemGroup>
    <ClCompile Include="binary search.c">
      <Filter>Source Files</Filter>
    </ClCompile>
    <ClCompile Include="merge sorted arrays.c">
      <Filter>Source Files</Filter>
    </ClCompile>
    <ClCompile Include="matrix Snake inserting.c">
      <Filter>Source Files</Filter>
    </ClCompile>
    <ClCompile Include="is matrixFrame.c">
      <Filter>Source Files</Filter>
    </ClCompile>
    <ClCompile Include="input time and minutes to add + print new time.c">
      <Filter>Source Files</Filter>
    </ClCompile>
    <ClCompile Include="in how many elements digit appears.c">
      <Filter>Source Files</Filter>
    </ClCompile>
    <ClCompile Include="function returns amount of element their value is divided by a given number updated.c">
      <Filter>Source Files</Filter>
    </ClCompile>
    <ClCompile Include="function returns amount of element their value is divided by a given number.c">
      <Filter>Source Files</Filter>
    </ClCompile>
    <ClCompile Include="find max in array Recursion.c">
      <Filter>Source Files</Filter>
    </ClCompile>
    <ClCompile Include="find max Address in Array.c">
      <Filter>Source Files</Filter>
    </ClCompile>
    <ClCompile Include="find longest line in matrix.c">
      <Filter>Source Files</Filter>
    </ClCompile>
    <ClCompile Include="Enter grades for 3 classes + print avg. for each.c">
      <Filter>Source Files</Filter>
    </ClCompile>
    <ClCompile Include="distance formula.c">
      <Filter>Source Files</Filter>
    </ClCompile>
    <ClCompile Include="count amount of same digits.c">
      <Filter>Source Files</Filter>
    </ClCompile>
    <ClCompile Include="check element appearances in array RECURSION.c">
      <Filter>Source Files</Filter>
    </ClCompile>
    <ClCompile Include="sort main diagonal in matrix.c">
      <Filter>Source Files</Filter>
    </ClCompile>
    <ClCompile Include="sort cols in matrix and output lookFor value index after sorted.c">
      <Filter>Source Files</Filter>
    </ClCompile>
    <ClCompile Include="Sort chars in string min to max.c">
      <Filter>Source Files</Filter>
    </ClCompile>
    <ClCompile Include="print triangle Recursion.c">
      <Filter>Source Files</Filter>
    </ClCompile>
    <ClCompile Include="print indexes equal to min value in array.c">
      <Filter>Source Files</Filter>
    </ClCompile>
    <ClCompile Include="print index of the col that num papers most.c">
      <Filter>Source Files</Filter>
    </ClCompile>
    <ClCompile Include="pointers matrix.c">
      <Filter>Source Files</Filter>
    </ClCompile>
    <ClCompile Include="Noy Towers.c">
      <Filter>Source Files</Filter>
    </ClCompile>
    <ClCompile Include="transfer array and matrix to function.c">
      <Filter>Source Files</Filter>
    </ClCompile>
    <ClCompile Include="sumArray Reucursion.c">
      <Filter>Source Files</Filter>
    </ClCompile>
    <ClCompile Include="SubSetSum.c">
      <Filter>Source Files</Filter>
    </ClCompile>
    <ClCompile Include="structs ex1.c">
      <Filter>Source Files</Filter>
    </ClCompile>
    <ClCompile Include="sortLines minToMax.c">
      <Filter>Source Files</Filter>
    </ClCompile>
    <ClCompile Include="SortArray min to max.c">
      <Filter>Source Files</Filter>
    </ClCompile>
  </ItemGroup>
</Project>