
Microsoft Visual Studio Solution File, Format Version 12.00
# Visual Studio Version 16
VisualStudioVersion = 16.0.31129.286
MinimumVisualStudioVersion = 10.0.40219.1
Project("{8BC9CEB8-8B4A-11D0-8D11-00A0C91BC942}") = "C-Training", "C-Training\C-Training.vcxproj", "{28FB7CAC-19C3-4B96-96F6-709588445BE1}"
EndProject
Global
	GlobalSection(SolutionConfigurationPlatforms) = preSolution
		Debug|x64 = Debug|x64
		Debug|x86 = Debug|x86
		Release|x64 = Release|x64
		Release|x86 = Release|x86
	EndGlobalSection
	GlobalSection(ProjectConfigurationPlatforms) = postSolution
		{28FB7CAC-19C3-4B96-96F6-709588445BE1}.Debug|x64.ActiveCfg = Debug|x64
		{28FB7CAC-19C3-4B96-96F6-709588445BE1}.Debug|x64.Build.0 = Debug|x64
		{28FB7CAC-19C3-4B96-96F6-709588445BE1}.Debug|x86.ActiveCfg = Debug|Win32
		{28FB7CAC-19C3-4B96-96F6-709588445BE1}.Debug|x86.Build.0 = Debug|Win32
		{28FB7CAC-19C3-4B96-96F6-709588445BE1}.Release|x64.ActiveCfg = Release|x64
		{28FB7CAC-19C3-4B96-96F6-709588445BE1}.Release|x64.Build.0 = Release|x64
		{28FB7CAC-19C3-4B96-96F6-709588445BE1}.Release|x86.ActiveCfg = Release|Win32
		{28FB7CAC-19C3-4B96-96F6-709588445BE1}.Release|x86.Build.0 = Release|Win32
	EndGlobalSection
	GlobalSection(SolutionProperties) = preSolution
		HideSolutionNode = FALSE
	EndGlobalSection
	GlobalSection(ExtensibilityGlobals) = postSolution
		SolutionGuid = {CB27D971-5D1A-4686-AB3B-DF7986A461EB}
	EndGlobalSection
EndGlobal
